{
   "name": "automated-rec-release-c",
   "version": "1.0.1",
   "lockfileVersion": 1,
   "requires": true,
   "dependencies": {
     "automated-rec-release-d": {
       "version": "1.0.0",
       "resolved": "https://registry.npmjs.org/automated-rec-release-d/-/automated-rec-release-d-1.0.0.tgz",
       "integrity": "sha512-E4JjZiQRay4NrFxIijJHR5ZKQ2rOvc9OvgdcQZvDNQ/rzMyDVnNIizPMW/Y0tE7H0asO09WorG6MC4SmtF43Zw=="
     }
   }
 }