{
   "name": "automated-rec-release-c",
   "version": "1.0.1",
   "lockfileVersion": 1,
   "requires": true,
   "dependencies": {
     "automated-rec-release-d": {
       "version": "1.0.1",
       "resolved": "https://registry.npmjs.org/automated-rec-release-d/-/automated-rec-release-d-1.0.1.tgz",
       "integrity": "sha512-l9I3k7Z33dByaOQD2bRsRMpR3XlHFwXCoiu2x+kz7pY53TURxg4BcmW+IS07oHQLIDE+UPfpqa0bUEFcKbSxzw=="
     }
   }
 }