# THIS IS AN AUTOGENERATED FILE. DO NOT EDIT THIS FILE DIRECTLY.
 # yarn lockfile v1
 
 
 automated-rec-release-d@^1.0.0:
   version "1.0.2"
   resolved "https://registry.yarnpkg.com/automated-rec-release-d/-/automated-rec-release-d-1.0.2.tgz#ce032adad8159e61f2ff27825af847d2d8c92ff2"
   integrity sha512-Ph3LYAcZ4uVrk/QJGEqqv25k0YZ70W92Og36+D+VPNIaOF9FGrQBf4+/1WosadRRhzpuq8YipI3pClVp7DEIhg==